
Microsoft Visual Studio Solution File, Format Version 12.00
# Visual Studio Version 16
VisualStudioVersion = 16.0.30907.101
MinimumVisualStudioVersion = 10.0.40219.1
Project("{888888A0-9F3D-457C-B088-3A5042F75D52}") = "ResinManagerApp", "ResinManagerApp.pyproj", "{30DE0321-34E4-402A-8629-2304D4A2FB50}"
EndProject
Global
	GlobalSection(SolutionConfigurationPlatforms) = preSolution
		Debug|Any CPU = Debug|Any CPU
		Release|Any CPU = Release|Any CPU
	EndGlobalSection
	GlobalSection(ProjectConfigurationPlatforms) = postSolution
		{30DE0321-34E4-402A-8629-2304D4A2FB50}.Debug|Any CPU.ActiveCfg = Debug|Any CPU
		{30DE0321-34E4-402A-8629-2304D4A2FB50}.Release|Any CPU.ActiveCfg = Release|Any CPU
	EndGlobalSection
	GlobalSection(SolutionProperties) = preSolution
		HideSolutionNode = FALSE
	EndGlobalSection
	GlobalSection(ExtensibilityGlobals) = postSolution
		SolutionGuid = {09A4050A-8C5F-427C-88EF-9562DC61F5F2}
	EndGlobalSection
EndGlobal
